// !$*UTF8*$!
{
	archiveVersion = 1;
	classes = {
	};
	objectVersion = 46;
	objects = {

/* Begin PBXBuildFile section */
		6E21466420CDCD84000F5973 /* Image.cpp in Sources */ = {isa = PBXBuildFile; fileRef = 6E21466320CDCD84000F5973 /* Image.cpp */; };
		6E21466720CDE042000F5973 /* Scene.cpp in Sources */ = {isa = PBXBuildFile; fileRef = 6E21466620CDE042000F5973 /* Scene.cpp */; };
		6E67B72E20C0F5BD0001CCCF /* Sphere.cpp in Sources */ = {isa = PBXBuildFile; fileRef = 6E67B72D20C0F5BD0001CCCF /* Sphere.cpp */; };
		6E7053B620CB98F500D9314D /* AreaLight.cpp in Sources */ = {isa = PBXBuildFile; fileRef = 6E7053B520CB98F500D9314D /* AreaLight.cpp */; };
		6E7FD52F20C5BAB500D04C20 /* Plane.cpp in Sources */ = {isa = PBXBuildFile; fileRef = 6E7FD52E20C5BAB500D04C20 /* Plane.cpp */; };
		6E8DDE0C20C75C46001DECE4 /* IOException.cpp in Sources */ = {isa = PBXBuildFile; fileRef = 6E8DDE0B20C75C46001DECE4 /* IOException.cpp */; };
		6E998F2420C0C83500821E1A /* main.cpp in Sources */ = {isa = PBXBuildFile; fileRef = 6E998F2320C0C83500821E1A /* main.cpp */; };
		6ED164B020C5D48D00BA9AB8 /* Object.cpp in Sources */ = {isa = PBXBuildFile; fileRef = 6ED164AF20C5D48D00BA9AB8 /* Object.cpp */; };
		6ED164B320C5D54D00BA9AB8 /* Ray.cpp in Sources */ = {isa = PBXBuildFile; fileRef = 6ED164B220C5D54D00BA9AB8 /* Ray.cpp */; };
		6ED164B520C5D55D00BA9AB8 /* Light.cpp in Sources */ = {isa = PBXBuildFile; fileRef = 6ED164B420C5D55D00BA9AB8 /* Light.cpp */; };
		6ED164B720C5D56F00BA9AB8 /* Camera.cpp in Sources */ = {isa = PBXBuildFile; fileRef = 6ED164B620C5D56F00BA9AB8 /* Camera.cpp */; };
		6ED164B920C5D68A00BA9AB8 /* Entity.cpp in Sources */ = {isa = PBXBuildFile; fileRef = 6ED164B820C5D68A00BA9AB8 /* Entity.cpp */; };
		6ED164BB20C5D75C00BA9AB8 /* Utility.cpp in Sources */ = {isa = PBXBuildFile; fileRef = 6ED164BA20C5D75C00BA9AB8 /* Utility.cpp */; };
		6ED164BD20C5E40400BA9AB8 /* Material.cpp in Sources */ = {isa = PBXBuildFile; fileRef = 6ED164BC20C5E40400BA9AB8 /* Material.cpp */; };
		6EDE03F620D5EE8D00F7FDC6 /* ColourMixer.cpp in Sources */ = {isa = PBXBuildFile; fileRef = 6EDE03F520D5EE8D00F7FDC6 /* ColourMixer.cpp */; };
		6EFDFD3820D230DD00D23A33 /* Tracer.cpp in Sources */ = {isa = PBXBuildFile; fileRef = 6EFDFD3720D230DD00D23A33 /* Tracer.cpp */; };
/* End PBXBuildFile section */

/* Begin PBXCopyFilesBuildPhase section */
		6E998F1E20C0C83500821E1A /* CopyFiles */ = {
			isa = PBXCopyFilesBuildPhase;
			buildActionMask = 2147483647;
			dstPath = /usr/share/man/man1/;
			dstSubfolderSpec = 0;
			files = (
			);
			runOnlyForDeploymentPostprocessing = 1;
		};
/* End PBXCopyFilesBuildPhase section */

/* Begin PBXFileReference section */
		6E21466220CDCB03000F5973 /* Image.h */ = {isa = PBXFileReference; lastKnownFileType = sourcecode.c.h; path = Image.h; sourceTree = "<group>"; };
		6E21466320CDCD84000F5973 /* Image.cpp */ = {isa = PBXFileReference; fileEncoding = 4; lastKnownFileType = sourcecode.cpp.cpp; path = Image.cpp; sourceTree = "<group>"; };
		6E21466520CDD7D3000F5973 /* Scene.h */ = {isa = PBXFileReference; lastKnownFileType = sourcecode.c.h; path = Scene.h; sourceTree = "<group>"; };
		6E21466620CDE042000F5973 /* Scene.cpp */ = {isa = PBXFileReference; fileEncoding = 4; lastKnownFileType = sourcecode.cpp.cpp; path = Scene.cpp; sourceTree = "<group>"; };
		6E2EEBA720C0CD8F00CA93F6 /* Material.h */ = {isa = PBXFileReference; lastKnownFileType = sourcecode.c.h; path = Material.h; sourceTree = "<group>"; };
		6E2EEBAA20C0CF4A00CA93F6 /* Libraries.h */ = {isa = PBXFileReference; lastKnownFileType = sourcecode.c.h; path = Libraries.h; sourceTree = "<group>"; };
		6E2EEBAC20C0D0F900CA93F6 /* Ray.h */ = {isa = PBXFileReference; lastKnownFileType = sourcecode.c.h; path = Ray.h; sourceTree = "<group>"; };
		6E2EEBAE20C0D3BC00CA93F6 /* Utility.h */ = {isa = PBXFileReference; lastKnownFileType = sourcecode.c.h; path = Utility.h; sourceTree = "<group>"; };
		6E2EEBAF20C0D41000CA93F6 /* Light.h */ = {isa = PBXFileReference; lastKnownFileType = sourcecode.c.h; path = Light.h; sourceTree = "<group>"; };
		6E3C94D020C876DD00E2758D /* scene1.bmp */ = {isa = PBXFileReference; lastKnownFileType = image.bmp; path = scene1.bmp; sourceTree = "<group>"; };
		6E3C94D120C876DD00E2758D /* scene1.txt */ = {isa = PBXFileReference; fileEncoding = 4; lastKnownFileType = text; path = scene1.txt; sourceTree = "<group>"; };
		6E3C94D220C876DD00E2758D /* scene2.bmp */ = {isa = PBXFileReference; lastKnownFileType = image.bmp; path = scene2.bmp; sourceTree = "<group>"; };
		6E3C94D320C876DD00E2758D /* scene2.txt */ = {isa = PBXFileReference; fileEncoding = 4; lastKnownFileType = text; path = scene2.txt; sourceTree = "<group>"; };
		6E3C94D420C876DD00E2758D /* scene3.bmp */ = {isa = PBXFileReference; lastKnownFileType = image.bmp; path = scene3.bmp; sourceTree = "<group>"; };
		6E3C94D520C876DD00E2758D /* scene3.txt */ = {isa = PBXFileReference; fileEncoding = 4; lastKnownFileType = text; path = scene3.txt; sourceTree = "<group>"; };
		6E3C94D620C876DD00E2758D /* scene4.bmp */ = {isa = PBXFileReference; lastKnownFileType = image.bmp; path = scene4.bmp; sourceTree = "<group>"; };
		6E3C94D720C876DD00E2758D /* scene4.txt */ = {isa = PBXFileReference; fileEncoding = 4; lastKnownFileType = text; path = scene4.txt; sourceTree = "<group>"; };
		6E3C94D820C876DD00E2758D /* scene5.bmp */ = {isa = PBXFileReference; lastKnownFileType = image.bmp; path = scene5.bmp; sourceTree = "<group>"; };
		6E3C94D920C876DD00E2758D /* scene5.txt */ = {isa = PBXFileReference; fileEncoding = 4; lastKnownFileType = text; path = scene5.txt; sourceTree = "<group>"; };
		6E67B72B20C0F2540001CCCF /* Sphere.h */ = {isa = PBXFileReference; lastKnownFileType = sourcecode.c.h; path = Sphere.h; sourceTree = "<group>"; };
		6E67B72C20C0F3990001CCCF /* Plane.h */ = {isa = PBXFileReference; lastKnownFileType = sourcecode.c.h; path = Plane.h; sourceTree = "<group>"; };
		6E67B72D20C0F5BD0001CCCF /* Sphere.cpp */ = {isa = PBXFileReference; fileEncoding = 4; lastKnownFileType = sourcecode.cpp.cpp; path = Sphere.cpp; sourceTree = "<group>"; };
		6E7053B420CB969C00D9314D /* AreaLight.h */ = {isa = PBXFileReference; lastKnownFileType = sourcecode.c.h; path = AreaLight.h; sourceTree = "<group>"; };
		6E7053B520CB98F500D9314D /* AreaLight.cpp */ = {isa = PBXFileReference; fileEncoding = 4; lastKnownFileType = sourcecode.cpp.cpp; path = AreaLight.cpp; sourceTree = "<group>"; };
		6E7FD52E20C5BAB500D04C20 /* Plane.cpp */ = {isa = PBXFileReference; fileEncoding = 4; lastKnownFileType = sourcecode.cpp.cpp; path = Plane.cpp; sourceTree = "<group>"; };
		6E7FD53020C5BE8D00D04C20 /* Entity.h */ = {isa = PBXFileReference; lastKnownFileType = sourcecode.c.h; path = Entity.h; sourceTree = "<group>"; };
		6E7FD53120C5C1C900D04C20 /* Camera.h */ = {isa = PBXFileReference; lastKnownFileType = sourcecode.c.h; path = Camera.h; sourceTree = "<group>"; };
		6E8DDE0920C75B80001DECE4 /* IOException.h */ = {isa = PBXFileReference; lastKnownFileType = sourcecode.c.h; path = IOException.h; sourceTree = "<group>"; };
		6E8DDE0B20C75C46001DECE4 /* IOException.cpp */ = {isa = PBXFileReference; fileEncoding = 4; lastKnownFileType = sourcecode.cpp.cpp; path = IOException.cpp; sourceTree = "<group>"; };
		6E8DDE0D20C76641001DECE4 /* main.h */ = {isa = PBXFileReference; lastKnownFileType = sourcecode.c.h; path = main.h; sourceTree = "<group>"; };
		6E998F2020C0C83500821E1A /* COMP371-Project */ = {isa = PBXFileReference; explicitFileType = "compiled.mach-o.executable"; includeInIndex = 0; path = "COMP371-Project"; sourceTree = BUILT_PRODUCTS_DIR; };
		6E998F2320C0C83500821E1A /* main.cpp */ = {isa = PBXFileReference; lastKnownFileType = sourcecode.cpp.cpp; path = main.cpp; sourceTree = "<group>"; };
		6E998F2A20C0C86900821E1A /* Object.h */ = {isa = PBXFileReference; lastKnownFileType = sourcecode.c.h; path = Object.h; sourceTree = "<group>"; };
		6ED164AF20C5D48D00BA9AB8 /* Object.cpp */ = {isa = PBXFileReference; fileEncoding = 4; lastKnownFileType = sourcecode.cpp.cpp; path = Object.cpp; sourceTree = "<group>"; };
		6ED164B220C5D54D00BA9AB8 /* Ray.cpp */ = {isa = PBXFileReference; fileEncoding = 4; lastKnownFileType = sourcecode.cpp.cpp; path = Ray.cpp; sourceTree = "<group>"; };
		6ED164B420C5D55D00BA9AB8 /* Light.cpp */ = {isa = PBXFileReference; fileEncoding = 4; lastKnownFileType = sourcecode.cpp.cpp; path = Light.cpp; sourceTree = "<group>"; };
		6ED164B620C5D56F00BA9AB8 /* Camera.cpp */ = {isa = PBXFileReference; fileEncoding = 4; lastKnownFileType = sourcecode.cpp.cpp; path = Camera.cpp; sourceTree = "<group>"; };
		6ED164B820C5D68A00BA9AB8 /* Entity.cpp */ = {isa = PBXFileReference; fileEncoding = 4; lastKnownFileType = sourcecode.cpp.cpp; path = Entity.cpp; sourceTree = "<group>"; };
		6ED164BA20C5D75C00BA9AB8 /* Utility.cpp */ = {isa = PBXFileReference; fileEncoding = 4; lastKnownFileType = sourcecode.cpp.cpp; path = Utility.cpp; sourceTree = "<group>"; };
		6ED164BC20C5E40400BA9AB8 /* Material.cpp */ = {isa = PBXFileReference; fileEncoding = 4; lastKnownFileType = sourcecode.cpp.cpp; path = Material.cpp; sourceTree = "<group>"; };
		6EDE03F420D5E8EE00F7FDC6 /* ColourMixer.h */ = {isa = PBXFileReference; lastKnownFileType = sourcecode.c.h; path = ColourMixer.h; sourceTree = "<group>"; };
		6EDE03F520D5EE8D00F7FDC6 /* ColourMixer.cpp */ = {isa = PBXFileReference; fileEncoding = 4; lastKnownFileType = sourcecode.cpp.cpp; path = ColourMixer.cpp; sourceTree = "<group>"; };
		6EFDFD3620D2182200D23A33 /* Tracer.h */ = {isa = PBXFileReference; lastKnownFileType = sourcecode.c.h; path = Tracer.h; sourceTree = "<group>"; };
		6EFDFD3720D230DD00D23A33 /* Tracer.cpp */ = {isa = PBXFileReference; fileEncoding = 4; lastKnownFileType = sourcecode.cpp.cpp; path = Tracer.cpp; sourceTree = "<group>"; };
/* End PBXFileReference section */

/* Begin PBXFrameworksBuildPhase section */
		6E998F1D20C0C83500821E1A /* Frameworks */ = {
			isa = PBXFrameworksBuildPhase;
			buildActionMask = 2147483647;
			files = (
			);
			runOnlyForDeploymentPostprocessing = 0;
		};
/* End PBXFrameworksBuildPhase section */

/* Begin PBXGroup section */
		6E2EEBAD20C0D3AA00CA93F6 /* utility */ = {
			isa = PBXGroup;
			children = (
				6E8DDE0820C75B0A001DECE4 /* exceptions */,
				6E2EEBAE20C0D3BC00CA93F6 /* Utility.h */,
				6EDE03F420D5E8EE00F7FDC6 /* ColourMixer.h */,
				6EDE03F220D5E8A300F7FDC6 /* functional */,
			);
			name = utility;
			sourceTree = "<group>";
		};
		6E2EEBB020C0E84D00CA93F6 /* entities */ = {
			isa = PBXGroup;
			children = (
				6E7FD53020C5BE8D00D04C20 /* Entity.h */,
				6E2EEBAC20C0D0F900CA93F6 /* Ray.h */,
				6E7FD53120C5C1C900D04C20 /* Camera.h */,
				6ED164AE20C5D47900BA9AB8 /* objects */,
				6EDE03F120D5E89700F7FDC6 /* lights */,
			);
			name = entities;
			sourceTree = "<group>";
		};
		6E2EEBB120C0E86D00CA93F6 /* include */ = {
			isa = PBXGroup;
			children = (
				6E2EEBAA20C0CF4A00CA93F6 /* Libraries.h */,
				6E2EEBB020C0E84D00CA93F6 /* entities */,
				6E2EEBAD20C0D3AA00CA93F6 /* utility */,
			);
			name = include;
			sourceTree = "<group>";
		};
		6E2EEBB220C0E8A100CA93F6 /* src */ = {
			isa = PBXGroup;
			children = (
				6E2EEBB620C0EC2E00CA93F6 /* utillty */,
				6E2EEBB320C0E8A900CA93F6 /* entities */,
			);
			name = src;
			sourceTree = "<group>";
		};
		6E2EEBB320C0E8A900CA93F6 /* entities */ = {
			isa = PBXGroup;
			children = (
				6ED164B820C5D68A00BA9AB8 /* Entity.cpp */,
				6ED164B620C5D56F00BA9AB8 /* Camera.cpp */,
				6ED164B220C5D54D00BA9AB8 /* Ray.cpp */,
				6ED164B120C5D53100BA9AB8 /* objects */,
				6EDE03F020D5E88800F7FDC6 /* lights */,
			);
			name = entities;
			sourceTree = "<group>";
		};
		6E2EEBB620C0EC2E00CA93F6 /* utillty */ = {
			isa = PBXGroup;
			children = (
				6E8DDE0A20C75C36001DECE4 /* exceptions */,
				6ED164BA20C5D75C00BA9AB8 /* Utility.cpp */,
				6EDE03F520D5EE8D00F7FDC6 /* ColourMixer.cpp */,
				6EDE03F320D5E8B000F7FDC6 /* functional */,
			);
			name = utillty;
			sourceTree = "<group>";
		};
		6E3C94CF20C876DD00E2758D /* scenes */ = {
			isa = PBXGroup;
			children = (
				6E3C94D020C876DD00E2758D /* scene1.bmp */,
				6E3C94D120C876DD00E2758D /* scene1.txt */,
				6E3C94D220C876DD00E2758D /* scene2.bmp */,
				6E3C94D320C876DD00E2758D /* scene2.txt */,
				6E3C94D420C876DD00E2758D /* scene3.bmp */,
				6E3C94D520C876DD00E2758D /* scene3.txt */,
				6E3C94D620C876DD00E2758D /* scene4.bmp */,
				6E3C94D720C876DD00E2758D /* scene4.txt */,
				6E3C94D820C876DD00E2758D /* scene5.bmp */,
				6E3C94D920C876DD00E2758D /* scene5.txt */,
			);
			path = scenes;
			sourceTree = "<group>";
		};
		6E8DDE0820C75B0A001DECE4 /* exceptions */ = {
			isa = PBXGroup;
			children = (
				6E8DDE0920C75B80001DECE4 /* IOException.h */,
			);
			name = exceptions;
			sourceTree = "<group>";
		};
		6E8DDE0A20C75C36001DECE4 /* exceptions */ = {
			isa = PBXGroup;
			children = (
				6E8DDE0B20C75C46001DECE4 /* IOException.cpp */,
			);
			name = exceptions;
			sourceTree = "<group>";
		};
		6E998F1720C0C83500821E1A = {
			isa = PBXGroup;
			children = (
				6E998F2220C0C83500821E1A /* COMP371-Project */,
				6E998F2120C0C83500821E1A /* Products */,
			);
			sourceTree = "<group>";
		};
		6E998F2120C0C83500821E1A /* Products */ = {
			isa = PBXGroup;
			children = (
				6E998F2020C0C83500821E1A /* COMP371-Project */,
			);
			name = Products;
			sourceTree = "<group>";
		};
		6E998F2220C0C83500821E1A /* COMP371-Project */ = {
			isa = PBXGroup;
			children = (
				6E3C94CF20C876DD00E2758D /* scenes */,
				6E2EEBB220C0E8A100CA93F6 /* src */,
				6E2EEBB120C0E86D00CA93F6 /* include */,
				6E8DDE0D20C76641001DECE4 /* main.h */,
				6E998F2320C0C83500821E1A /* main.cpp */,
			);
			path = "COMP371-Project";
			sourceTree = "<group>";
		};
		6ED164AE20C5D47900BA9AB8 /* objects */ = {
			isa = PBXGroup;
			children = (
				6E998F2A20C0C86900821E1A /* Object.h */,
				6E67B72B20C0F2540001CCCF /* Sphere.h */,
				6E67B72C20C0F3990001CCCF /* Plane.h */,
			);
			name = objects;
			sourceTree = "<group>";
		};
		6ED164B120C5D53100BA9AB8 /* objects */ = {
			isa = PBXGroup;
			children = (
				6ED164AF20C5D48D00BA9AB8 /* Object.cpp */,
				6E67B72D20C0F5BD0001CCCF /* Sphere.cpp */,
				6E7FD52E20C5BAB500D04C20 /* Plane.cpp */,
			);
			name = objects;
			sourceTree = "<group>";
		};
		6EDE03F020D5E88800F7FDC6 /* lights */ = {
			isa = PBXGroup;
			children = (
				6E7053B520CB98F500D9314D /* AreaLight.cpp */,
				6ED164B420C5D55D00BA9AB8 /* Light.cpp */,
			);
			name = lights;
			sourceTree = "<group>";
		};
		6EDE03F120D5E89700F7FDC6 /* lights */ = {
			isa = PBXGroup;
			children = (
				6E2EEBAF20C0D41000CA93F6 /* Light.h */,
				6E7053B420CB969C00D9314D /* AreaLight.h */,
			);
			name = lights;
			sourceTree = "<group>";
		};
		6EDE03F220D5E8A300F7FDC6 /* functional */ = {
			isa = PBXGroup;
			children = (
				6E2EEBA720C0CD8F00CA93F6 /* Material.h */,
				6E21466220CDCB03000F5973 /* Image.h */,
				6E21466520CDD7D3000F5973 /* Scene.h */,
				6EFDFD3620D2182200D23A33 /* Tracer.h */,
			);
			name = functional;
			sourceTree = "<group>";
		};
		6EDE03F320D5E8B000F7FDC6 /* functional */ = {
			isa = PBXGroup;
			children = (
				6ED164BC20C5E40400BA9AB8 /* Material.cpp */,
				6E21466320CDCD84000F5973 /* Image.cpp */,
				6E21466620CDE042000F5973 /* Scene.cpp */,
				6EFDFD3720D230DD00D23A33 /* Tracer.cpp */,
			);
			name = functional;
			sourceTree = "<group>";
		};
/* End PBXGroup section */

/* Begin PBXNativeTarget section */
		6E998F1F20C0C83500821E1A /* COMP371-Project */ = {
			isa = PBXNativeTarget;
			buildConfigurationList = 6E998F2720C0C83500821E1A /* Build configuration list for PBXNativeTarget "COMP371-Project" */;
			buildPhases = (
				6E998F1C20C0C83500821E1A /* Sources */,
				6E998F1D20C0C83500821E1A /* Frameworks */,
				6E998F1E20C0C83500821E1A /* CopyFiles */,
			);
			buildRules = (
			);
			dependencies = (
			);
			name = "COMP371-Project";
			productName = "COMP371-Project";
			productReference = 6E998F2020C0C83500821E1A /* COMP371-Project */;
			productType = "com.apple.product-type.tool";
		};
/* End PBXNativeTarget section */

/* Begin PBXProject section */
		6E998F1820C0C83500821E1A /* Project object */ = {
			isa = PBXProject;
			attributes = {
				LastUpgradeCheck = 0720;
				ORGANIZATIONNAME = "Mathew Plouffe";
				TargetAttributes = {
					6E998F1F20C0C83500821E1A = {
						CreatedOnToolsVersion = 7.2;
					};
				};
			};
			buildConfigurationList = 6E998F1B20C0C83500821E1A /* Build configuration list for PBXProject "COMP371-Project" */;
			compatibilityVersion = "Xcode 3.2";
			developmentRegion = English;
			hasScannedForEncodings = 0;
			knownRegions = (
				en,
			);
			mainGroup = 6E998F1720C0C83500821E1A;
			productRefGroup = 6E998F2120C0C83500821E1A /* Products */;
			projectDirPath = "";
			projectRoot = "";
			targets = (
				6E998F1F20C0C83500821E1A /* COMP371-Project */,
			);
		};
/* End PBXProject section */

/* Begin PBXSourcesBuildPhase section */
		6E998F1C20C0C83500821E1A /* Sources */ = {
			isa = PBXSourcesBuildPhase;
			buildActionMask = 2147483647;
			files = (
				6EFDFD3820D230DD00D23A33 /* Tracer.cpp in Sources */,
				6ED164BB20C5D75C00BA9AB8 /* Utility.cpp in Sources */,
				6E21466420CDCD84000F5973 /* Image.cpp in Sources */,
				6ED164B920C5D68A00BA9AB8 /* Entity.cpp in Sources */,
				6ED164B520C5D55D00BA9AB8 /* Light.cpp in Sources */,
				6E7FD52F20C5BAB500D04C20 /* Plane.cpp in Sources */,
				6ED164B720C5D56F00BA9AB8 /* Camera.cpp in Sources */,
				6E67B72E20C0F5BD0001CCCF /* Sphere.cpp in Sources */,
				6ED164B320C5D54D00BA9AB8 /* Ray.cpp in Sources */,
				6EDE03F620D5EE8D00F7FDC6 /* ColourMixer.cpp in Sources */,
				6E21466720CDE042000F5973 /* Scene.cpp in Sources */,
				6E8DDE0C20C75C46001DECE4 /* IOException.cpp in Sources */,
				6ED164B020C5D48D00BA9AB8 /* Object.cpp in Sources */,
				6ED164BD20C5E40400BA9AB8 /* Material.cpp in Sources */,
				6E998F2420C0C83500821E1A /* main.cpp in Sources */,
				6E7053B620CB98F500D9314D /* AreaLight.cpp in Sources */,
			);
			runOnlyForDeploymentPostprocessing = 0;
		};
/* End PBXSourcesBuildPhase section */

/* Begin XCBuildConfiguration section */
		6E998F2520C0C83500821E1A /* Debug */ = {
			isa = XCBuildConfiguration;
			buildSettings = {
				ALWAYS_SEARCH_USER_PATHS = NO;
				CLANG_CXX_LANGUAGE_STANDARD = "gnu++0x";
				CLANG_CXX_LIBRARY = "libc++";
				CLANG_ENABLE_MODULES = YES;
				CLANG_ENABLE_OBJC_ARC = YES;
				CLANG_WARN_BOOL_CONVERSION = YES;
				CLANG_WARN_CONSTANT_CONVERSION = YES;
				CLANG_WARN_DIRECT_OBJC_ISA_USAGE = YES_ERROR;
				CLANG_WARN_EMPTY_BODY = YES;
				CLANG_WARN_ENUM_CONVERSION = YES;
				CLANG_WARN_INT_CONVERSION = YES;
				CLANG_WARN_OBJC_ROOT_CLASS = YES_ERROR;
				CLANG_WARN_UNREACHABLE_CODE = YES;
				CLANG_WARN__DUPLICATE_METHOD_MATCH = YES;
				CODE_SIGN_IDENTITY = "-";
				COPY_PHASE_STRIP = NO;
				DEBUG_INFORMATION_FORMAT = dwarf;
				ENABLE_STRICT_OBJC_MSGSEND = YES;
				ENABLE_TESTABILITY = YES;
				GCC_C_LANGUAGE_STANDARD = gnu99;
				GCC_DYNAMIC_NO_PIC = NO;
				GCC_NO_COMMON_BLOCKS = YES;
				GCC_OPTIMIZATION_LEVEL = 0;
				GCC_PREPROCESSOR_DEFINITIONS = (
					"DEBUG=1",
					"$(inherited)",
				);
				GCC_WARN_64_TO_32_BIT_CONVERSION = YES;
				GCC_WARN_ABOUT_RETURN_TYPE = YES_ERROR;
				GCC_WARN_UNDECLARED_SELECTOR = YES;
				GCC_WARN_UNINITIALIZED_AUTOS = YES_AGGRESSIVE;
				GCC_WARN_UNUSED_FUNCTION = YES;
				GCC_WARN_UNUSED_VARIABLE = YES;
				MACOSX_DEPLOYMENT_TARGET = 10.10;
				MTL_ENABLE_DEBUG_INFO = YES;
				ONLY_ACTIVE_ARCH = YES;
				SDKROOT = macosx;
			};
			name = Debug;
		};
		6E998F2620C0C83500821E1A /* Release */ = {
			isa = XCBuildConfiguration;
			buildSettings = {
				ALWAYS_SEARCH_USER_PATHS = NO;
				CLANG_CXX_LANGUAGE_STANDARD = "gnu++0x";
				CLANG_CXX_LIBRARY = "libc++";
				CLANG_ENABLE_MODULES = YES;
				CLANG_ENABLE_OBJC_ARC = YES;
				CLANG_WARN_BOOL_CONVERSION = YES;
				CLANG_WARN_CONSTANT_CONVERSION = YES;
				CLANG_WARN_DIRECT_OBJC_ISA_USAGE = YES_ERROR;
				CLANG_WARN_EMPTY_BODY = YES;
				CLANG_WARN_ENUM_CONVERSION = YES;
				CLANG_WARN_INT_CONVERSION = YES;
				CLANG_WARN_OBJC_ROOT_CLASS = YES_ERROR;
				CLANG_WARN_UNREACHABLE_CODE = YES;
				CLANG_WARN__DUPLICATE_METHOD_MATCH = YES;
				CODE_SIGN_IDENTITY = "-";
				COPY_PHASE_STRIP = NO;
				DEBUG_INFORMATION_FORMAT = "dwarf-with-dsym";
				ENABLE_NS_ASSERTIONS = NO;
				ENABLE_STRICT_OBJC_MSGSEND = YES;
				GCC_C_LANGUAGE_STANDARD = gnu99;
				GCC_NO_COMMON_BLOCKS = YES;
				GCC_WARN_64_TO_32_BIT_CONVERSION = YES;
				GCC_WARN_ABOUT_RETURN_TYPE = YES_ERROR;
				GCC_WARN_UNDECLARED_SELECTOR = YES;
				GCC_WARN_UNINITIALIZED_AUTOS = YES_AGGRESSIVE;
				GCC_WARN_UNUSED_FUNCTION = YES;
				GCC_WARN_UNUSED_VARIABLE = YES;
				MACOSX_DEPLOYMENT_TARGET = 10.10;
				MTL_ENABLE_DEBUG_INFO = NO;
				SDKROOT = macosx;
			};
			name = Release;
		};
		6E998F2820C0C83500821E1A /* Debug */ = {
			isa = XCBuildConfiguration;
			buildSettings = {
				HEADER_SEARCH_PATHS = (
					/usr/local/Cellar/glm/0.9.8.5/include,
					/usr/local/include,
				);
				PRODUCT_NAME = "$(TARGET_NAME)";
			};
			name = Debug;
		};
		6E998F2920C0C83500821E1A /* Release */ = {
			isa = XCBuildConfiguration;
			buildSettings = {
				HEADER_SEARCH_PATHS = (
					/usr/local/Cellar/glm/0.9.8.5/include,
					/usr/local/include,
				);
				PRODUCT_NAME = "$(TARGET_NAME)";
			};
			name = Release;
		};
/* End XCBuildConfiguration section */

/* Begin XCConfigurationList section */
		6E998F1B20C0C83500821E1A /* Build configuration list for PBXProject "COMP371-Project" */ = {
			isa = XCConfigurationList;
			buildConfigurations = (
				6E998F2520C0C83500821E1A /* Debug */,
				6E998F2620C0C83500821E1A /* Release */,
			);
			defaultConfigurationIsVisible = 0;
			defaultConfigurationName = Release;
		};
		6E998F2720C0C83500821E1A /* Build configuration list for PBXNativeTarget "COMP371-Project" */ = {
			isa = XCConfigurationList;
			buildConfigurations = (
				6E998F2820C0C83500821E1A /* Debug */,
				6E998F2920C0C83500821E1A /* Release */,
			);
			defaultConfigurationIsVisible = 0;
			defaultConfigurationName = Release;
		};
/* End XCConfigurationList section */
	};
	rootObject = 6E998F1820C0C83500821E1A /* Project object */;
}
